
Microsoft Visual Studio Solution File, Format Version 12.00
# Visual Studio Version 17
VisualStudioVersion = 17.5.33627.172
MinimumVisualStudioVersion = 10.0.40219.1
Project("{9A19103F-16F7-4668-BE54-9A1E7A4F7556}") = "APDotNetCoreConsoleApp", "APDotNetCoreConsoleApp\APDotNetCoreConsoleApp.csproj", "{89FFAED4-EF39-4232-A469-F73422FEDD1C}"
EndProject
Project("{2150E333-8FDC-42A3-9474-1A3956D46DE8}") = "Documents", "Documents", "{6BFE151A-BDA5-49C0-A78D-899C0E6E29FA}"
	ProjectSection(SolutionItems) = preProject
		README.md = README.md
	EndProjectSection
EndProject
Project("{9A19103F-16F7-4668-BE54-9A1E7A4F7556}") = "APDotNetTrainingBatch4.RestApi", "APDotNetTrainingBatch4.RestApi\APDotNetTrainingBatch4.RestApi.csproj", "{450F16C1-E044-4096-AD45-07184549F4BC}"
EndProject
Project("{9A19103F-16F7-4668-BE54-9A1E7A4F7556}") = "DotNetTrainingBatch4.Shared", "DotNetTrainingBatch4.Shared\DotNetTrainingBatch4.Shared.csproj", "{64647F58-BCB6-4376-B7FA-75C7134266B1}"
EndProject
Project("{9A19103F-16F7-4668-BE54-9A1E7A4F7556}") = "APDotNetTrainingBatch4.RestApiWithNLayer", "APDotNetTrainingBatch4.RestApiWithNLayer\APDotNetTrainingBatch4.RestApiWithNLayer.csproj", "{16A53695-C948-4913-A04B-ECB6A3C58D9E}"
EndProject
Project("{9A19103F-16F7-4668-BE54-9A1E7A4F7556}") = "APDotNetTrainingBatch4.ConsoleAppHttpClient", "APDotNetTrainingBatch4.ConsoleAppHttpClient\APDotNetTrainingBatch4.ConsoleAppHttpClient.csproj", "{2A5D1AE4-6152-4E4C-BC7C-DE229BD53B25}"
EndProject
Project("{9A19103F-16F7-4668-BE54-9A1E7A4F7556}") = "DotNetTrainingBatch4.PizzaApi", "DotNetTrainingBbatch4.PizzaApi\DotNetTrainingBatch4.PizzaApi.csproj", "{78E546F8-DA8E-41AA-B3BB-1FDF94E556CE}"
EndProject
Project("{9A19103F-16F7-4668-BE54-9A1E7A4F7556}") = "APDotNetTrainingBath4.ConsoleAppRefitExamples", "APDotNetTrainingBath4.ConsoleAppRefitExample\APDotNetTrainingBath4.ConsoleAppRefitExamples.csproj", "{422318F2-53A0-48B9-9548-B87A0CA0EAE4}"
EndProject
Project("{9A19103F-16F7-4668-BE54-9A1E7A4F7556}") = "APDotNetTrainingBatch4.MvcApp", "APDotNetTrainingBatch4.MvcApp\APDotNetTrainingBatch4.MvcApp.csproj", "{FB149218-2415-415F-97D4-E489790C9663}"
EndProject
Project("{9A19103F-16F7-4668-BE54-9A1E7A4F7556}") = "APDotNetTrainingBatch4.MinimalApi", "APDotNetTrainingBatch4.MinimalApi\APDotNetTrainingBatch4.MinimalApi.csproj", "{C0822B48-CF96-411D-83CD-31A211BCA87E}"
EndProject
Project("{9A19103F-16F7-4668-BE54-9A1E7A4F7556}") = "APDotNetTrainingBatch4.MvcApp2", "APDotNetTrainingBatch4.MvcApp2\APDotNetTrainingBatch4.MvcApp2.csproj", "{C2FFCFCF-92DE-4F2A-BE13-B64887E2ECA3}"
EndProject
Project("{FAE04EC0-301F-11D3-BF4B-00C04F79EFBC}") = "APDotNetTrainingBatch4.MvcChartApp", "APDotNetTrainingBatch4.MvcChartApp\APDotNetTrainingBatch4.MvcChartApp.csproj", "{71BEE842-C16D-4436-8E7C-B35D2A2E2ADC}"
EndProject
Global
	GlobalSection(SolutionConfigurationPlatforms) = preSolution
		Debug|Any CPU = Debug|Any CPU
		Release|Any CPU = Release|Any CPU
	EndGlobalSection
	GlobalSection(ProjectConfigurationPlatforms) = postSolution
		{89FFAED4-EF39-4232-A469-F73422FEDD1C}.Debug|Any CPU.ActiveCfg = Debug|Any CPU
		{89FFAED4-EF39-4232-A469-F73422FEDD1C}.Debug|Any CPU.Build.0 = Debug|Any CPU
		{89FFAED4-EF39-4232-A469-F73422FEDD1C}.Release|Any CPU.ActiveCfg = Release|Any CPU
		{89FFAED4-EF39-4232-A469-F73422FEDD1C}.Release|Any CPU.Build.0 = Release|Any CPU
		{450F16C1-E044-4096-AD45-07184549F4BC}.Debug|Any CPU.ActiveCfg = Debug|Any CPU
		{450F16C1-E044-4096-AD45-07184549F4BC}.Debug|Any CPU.Build.0 = Debug|Any CPU
		{450F16C1-E044-4096-AD45-07184549F4BC}.Release|Any CPU.ActiveCfg = Release|Any CPU
		{450F16C1-E044-4096-AD45-07184549F4BC}.Release|Any CPU.Build.0 = Release|Any CPU
		{64647F58-BCB6-4376-B7FA-75C7134266B1}.Debug|Any CPU.ActiveCfg = Debug|Any CPU
		{64647F58-BCB6-4376-B7FA-75C7134266B1}.Debug|Any CPU.Build.0 = Debug|Any CPU
		{64647F58-BCB6-4376-B7FA-75C7134266B1}.Release|Any CPU.ActiveCfg = Release|Any CPU
		{64647F58-BCB6-4376-B7FA-75C7134266B1}.Release|Any CPU.Build.0 = Release|Any CPU
		{16A53695-C948-4913-A04B-ECB6A3C58D9E}.Debug|Any CPU.ActiveCfg = Debug|Any CPU
		{16A53695-C948-4913-A04B-ECB6A3C58D9E}.Debug|Any CPU.Build.0 = Debug|Any CPU
		{16A53695-C948-4913-A04B-ECB6A3C58D9E}.Release|Any CPU.ActiveCfg = Release|Any CPU
		{16A53695-C948-4913-A04B-ECB6A3C58D9E}.Release|Any CPU.Build.0 = Release|Any CPU
		{2A5D1AE4-6152-4E4C-BC7C-DE229BD53B25}.Debug|Any CPU.ActiveCfg = Debug|Any CPU
		{2A5D1AE4-6152-4E4C-BC7C-DE229BD53B25}.Debug|Any CPU.Build.0 = Debug|Any CPU
		{2A5D1AE4-6152-4E4C-BC7C-DE229BD53B25}.Release|Any CPU.ActiveCfg = Release|Any CPU
		{2A5D1AE4-6152-4E4C-BC7C-DE229BD53B25}.Release|Any CPU.Build.0 = Release|Any CPU
		{78E546F8-DA8E-41AA-B3BB-1FDF94E556CE}.Debug|Any CPU.ActiveCfg = Debug|Any CPU
		{78E546F8-DA8E-41AA-B3BB-1FDF94E556CE}.Debug|Any CPU.Build.0 = Debug|Any CPU
		{78E546F8-DA8E-41AA-B3BB-1FDF94E556CE}.Release|Any CPU.ActiveCfg = Release|Any CPU
		{78E546F8-DA8E-41AA-B3BB-1FDF94E556CE}.Release|Any CPU.Build.0 = Release|Any CPU
		{422318F2-53A0-48B9-9548-B87A0CA0EAE4}.Debug|Any CPU.ActiveCfg = Debug|Any CPU
		{422318F2-53A0-48B9-9548-B87A0CA0EAE4}.Debug|Any CPU.Build.0 = Debug|Any CPU
		{422318F2-53A0-48B9-9548-B87A0CA0EAE4}.Release|Any CPU.ActiveCfg = Release|Any CPU
		{422318F2-53A0-48B9-9548-B87A0CA0EAE4}.Release|Any CPU.Build.0 = Release|Any CPU
		{FB149218-2415-415F-97D4-E489790C9663}.Debug|Any CPU.ActiveCfg = Debug|Any CPU
		{FB149218-2415-415F-97D4-E489790C9663}.Debug|Any CPU.Build.0 = Debug|Any CPU
		{FB149218-2415-415F-97D4-E489790C9663}.Release|Any CPU.ActiveCfg = Release|Any CPU
		{FB149218-2415-415F-97D4-E489790C9663}.Release|Any CPU.Build.0 = Release|Any CPU
		{C0822B48-CF96-411D-83CD-31A211BCA87E}.Debug|Any CPU.ActiveCfg = Debug|Any CPU
		{C0822B48-CF96-411D-83CD-31A211BCA87E}.Debug|Any CPU.Build.0 = Debug|Any CPU
		{C0822B48-CF96-411D-83CD-31A211BCA87E}.Release|Any CPU.ActiveCfg = Release|Any CPU
		{C0822B48-CF96-411D-83CD-31A211BCA87E}.Release|Any CPU.Build.0 = Release|Any CPU
		{C2FFCFCF-92DE-4F2A-BE13-B64887E2ECA3}.Debug|Any CPU.ActiveCfg = Debug|Any CPU
		{C2FFCFCF-92DE-4F2A-BE13-B64887E2ECA3}.Debug|Any CPU.Build.0 = Debug|Any CPU
		{C2FFCFCF-92DE-4F2A-BE13-B64887E2ECA3}.Release|Any CPU.ActiveCfg = Release|Any CPU
		{C2FFCFCF-92DE-4F2A-BE13-B64887E2ECA3}.Release|Any CPU.Build.0 = Release|Any CPU
		{71BEE842-C16D-4436-8E7C-B35D2A2E2ADC}.Debug|Any CPU.ActiveCfg = Debug|Any CPU
		{71BEE842-C16D-4436-8E7C-B35D2A2E2ADC}.Debug|Any CPU.Build.0 = Debug|Any CPU
		{71BEE842-C16D-4436-8E7C-B35D2A2E2ADC}.Release|Any CPU.ActiveCfg = Release|Any CPU
		{71BEE842-C16D-4436-8E7C-B35D2A2E2ADC}.Release|Any CPU.Build.0 = Release|Any CPU
	EndGlobalSection
	GlobalSection(SolutionProperties) = preSolution
		HideSolutionNode = FALSE
	EndGlobalSection
	GlobalSection(ExtensibilityGlobals) = postSolution
		SolutionGuid = {4A7BDCCF-48FE-4F04-8A5F-65F386858CEC}
	EndGlobalSection
EndGlobal
