
Microsoft Visual Studio Solution File, Format Version 12.00
# Visual Studio Version 17
VisualStudioVersion = 17.5.33627.172
MinimumVisualStudioVersion = 10.0.40219.1
Project("{9A19103F-16F7-4668-BE54-9A1E7A4F7556}") = "APDotNetCoreConsoleApp", "APDotNetCoreConsoleApp\APDotNetCoreConsoleApp.csproj", "{89FFAED4-EF39-4232-A469-F73422FEDD1C}"
EndProject
Project("{2150E333-8FDC-42A3-9474-1A3956D46DE8}") = "Documents", "Documents", "{6BFE151A-BDA5-49C0-A78D-899C0E6E29FA}"
	ProjectSection(SolutionItems) = preProject
		README.md = README.md
	EndProjectSection
EndProject
Project("{9A19103F-16F7-4668-BE54-9A1E7A4F7556}") = "APDotNetTrainingBatch4.RestApi", "APDotNetTrainingBatch4.RestApi\APDotNetTrainingBatch4.RestApi.csproj", "{450F16C1-E044-4096-AD45-07184549F4BC}"
EndProject
Project("{9A19103F-16F7-4668-BE54-9A1E7A4F7556}") = "DotNetTrainingBatch4.Shared", "DotNetTrainingBatch4.Shared\DotNetTrainingBatch4.Shared.csproj", "{64647F58-BCB6-4376-B7FA-75C7134266B1}"
EndProject
Project("{FAE04EC0-301F-11D3-BF4B-00C04F79EFBC}") = "APDotNetTrainingBatch4.RestApiWithNLayer", "APDotNetTrainingBatch4.RestApiWithNLayer\APDotNetTrainingBatch4.RestApiWithNLayer.csproj", "{16A53695-C948-4913-A04B-ECB6A3C58D9E}"
EndProject
Project("{FAE04EC0-301F-11D3-BF4B-00C04F79EFBC}") = "APDotNetTrainingBatch4.ConsoleAppHttpClient", "APDotNetTrainingBatch4.ConsoleAppHttpClient\APDotNetTrainingBatch4.ConsoleAppHttpClient.csproj", "{2A5D1AE4-6152-4E4C-BC7C-DE229BD53B25}"
EndProject
Global
	GlobalSection(SolutionConfigurationPlatforms) = preSolution
		Debug|Any CPU = Debug|Any CPU
		Release|Any CPU = Release|Any CPU
	EndGlobalSection
	GlobalSection(ProjectConfigurationPlatforms) = postSolution
		{89FFAED4-EF39-4232-A469-F73422FEDD1C}.Debug|Any CPU.ActiveCfg = Debug|Any CPU
		{89FFAED4-EF39-4232-A469-F73422FEDD1C}.Debug|Any CPU.Build.0 = Debug|Any CPU
		{89FFAED4-EF39-4232-A469-F73422FEDD1C}.Release|Any CPU.ActiveCfg = Release|Any CPU
		{89FFAED4-EF39-4232-A469-F73422FEDD1C}.Release|Any CPU.Build.0 = Release|Any CPU
		{450F16C1-E044-4096-AD45-07184549F4BC}.Debug|Any CPU.ActiveCfg = Debug|Any CPU
		{450F16C1-E044-4096-AD45-07184549F4BC}.Debug|Any CPU.Build.0 = Debug|Any CPU
		{450F16C1-E044-4096-AD45-07184549F4BC}.Release|Any CPU.ActiveCfg = Release|Any CPU
		{450F16C1-E044-4096-AD45-07184549F4BC}.Release|Any CPU.Build.0 = Release|Any CPU
		{64647F58-BCB6-4376-B7FA-75C7134266B1}.Debug|Any CPU.ActiveCfg = Debug|Any CPU
		{64647F58-BCB6-4376-B7FA-75C7134266B1}.Debug|Any CPU.Build.0 = Debug|Any CPU
		{64647F58-BCB6-4376-B7FA-75C7134266B1}.Release|Any CPU.ActiveCfg = Release|Any CPU
		{64647F58-BCB6-4376-B7FA-75C7134266B1}.Release|Any CPU.Build.0 = Release|Any CPU
		{16A53695-C948-4913-A04B-ECB6A3C58D9E}.Debug|Any CPU.ActiveCfg = Debug|Any CPU
		{16A53695-C948-4913-A04B-ECB6A3C58D9E}.Debug|Any CPU.Build.0 = Debug|Any CPU
		{16A53695-C948-4913-A04B-ECB6A3C58D9E}.Release|Any CPU.ActiveCfg = Release|Any CPU
		{16A53695-C948-4913-A04B-ECB6A3C58D9E}.Release|Any CPU.Build.0 = Release|Any CPU
		{2A5D1AE4-6152-4E4C-BC7C-DE229BD53B25}.Debug|Any CPU.ActiveCfg = Debug|Any CPU
		{2A5D1AE4-6152-4E4C-BC7C-DE229BD53B25}.Debug|Any CPU.Build.0 = Debug|Any CPU
		{2A5D1AE4-6152-4E4C-BC7C-DE229BD53B25}.Release|Any CPU.ActiveCfg = Release|Any CPU
		{2A5D1AE4-6152-4E4C-BC7C-DE229BD53B25}.Release|Any CPU.Build.0 = Release|Any CPU
	EndGlobalSection
	GlobalSection(SolutionProperties) = preSolution
		HideSolutionNode = FALSE
	EndGlobalSection
	GlobalSection(ExtensibilityGlobals) = postSolution
		SolutionGuid = {4A7BDCCF-48FE-4F04-8A5F-65F386858CEC}
	EndGlobalSection
EndGlobal
